
Microsoft Visual Studio Solution File, Format Version 12.00
# Visual Studio 15
VisualStudioVersion = 15.0.26228.4
MinimumVisualStudioVersion = 10.0.40219.1
Project("{E24C65DC-7377-472B-9ABA-BC803B73C61A}") = "Nerdbrary(3)", "Nerdbrary\", "{2FE2C965-3CE7-4C16-B983-8248E6451376}"
	ProjectSection(WebsiteProperties) = preProject
		TargetFrameworkMoniker = ".NETFramework,Version%3Dv4.5.2"
		Debug.AspNetCompiler.VirtualPath = "/localhost_24624"
		Debug.AspNetCompiler.PhysicalPath = "Nerdbrary\"
		Debug.AspNetCompiler.TargetPath = "PrecompiledWeb\localhost_24624\"
		Debug.AspNetCompiler.Updateable = "true"
		Debug.AspNetCompiler.ForceOverwrite = "true"
		Debug.AspNetCompiler.FixedNames = "false"
		Debug.AspNetCompiler.Debug = "True"
		Release.AspNetCompiler.VirtualPath = "/localhost_24624"
		Release.AspNetCompiler.PhysicalPath = "Nerdbrary\"
		Release.AspNetCompiler.TargetPath = "PrecompiledWeb\localhost_24624\"
		Release.AspNetCompiler.Updateable = "true"
		Release.AspNetCompiler.ForceOverwrite = "true"
		Release.AspNetCompiler.FixedNames = "false"
		Release.AspNetCompiler.Debug = "False"
		VWDPort = "24624"
		SlnRelativePath = "Nerdbrary\"
	EndProjectSection
EndProject
Global
	GlobalSection(SolutionConfigurationPlatforms) = preSolution
		Debug|Any CPU = Debug|Any CPU
	EndGlobalSection
	GlobalSection(ProjectConfigurationPlatforms) = postSolution
		{2FE2C965-3CE7-4C16-B983-8248E6451376}.Debug|Any CPU.ActiveCfg = Debug|Any CPU
		{2FE2C965-3CE7-4C16-B983-8248E6451376}.Debug|Any CPU.Build.0 = Debug|Any CPU
	EndGlobalSection
	GlobalSection(SolutionProperties) = preSolution
		HideSolutionNode = FALSE
	EndGlobalSection
EndGlobal
